
Microsoft Visual Studio Solution File, Format Version 10.00
# Visual Studio 2008
Project("{FAE04EC0-301F-11D3-BF4B-00C04F79EFBC}") = "Strain", "Strain\Strain.csproj", "{0F6C039F-6657-45B6-9290-70A84B165037}"
EndProject
Project("{54435603-DBB4-11D2-8724-00A0C9A8B90C}") = "EyeStrain", "EyeStrain\EyeStrain.vdproj", "{79D29A82-21D8-46AA-BD53-86A86D5D2E59}"
EndProject
Global
	GlobalSection(SolutionConfigurationPlatforms) = preSolution
		Debug|Any CPU = Debug|Any CPU
		Release|Any CPU = Release|Any CPU
	EndGlobalSection
	GlobalSection(ProjectConfigurationPlatforms) = postSolution
		{0F6C039F-6657-45B6-9290-70A84B165037}.Debug|Any CPU.ActiveCfg = Debug|Any CPU
		{0F6C039F-6657-45B6-9290-70A84B165037}.Debug|Any CPU.Build.0 = Debug|Any CPU
		{0F6C039F-6657-45B6-9290-70A84B165037}.Release|Any CPU.ActiveCfg = Release|Any CPU
		{0F6C039F-6657-45B6-9290-70A84B165037}.Release|Any CPU.Build.0 = Release|Any CPU
		{79D29A82-21D8-46AA-BD53-86A86D5D2E59}.Debug|Any CPU.ActiveCfg = Debug
		{79D29A82-21D8-46AA-BD53-86A86D5D2E59}.Release|Any CPU.ActiveCfg = Release
	EndGlobalSection
	GlobalSection(SolutionProperties) = preSolution
		HideSolutionNode = FALSE
	EndGlobalSection
EndGlobal
